
Microsoft Visual Studio Solution File, Format Version 12.00
# Visual Studio Version 17
VisualStudioVersion = 17.14.36429.23 d17.14
MinimumVisualStudioVersion = 10.0.40219.1
Project("{8BC9CEB8-8B4A-11D0-8D11-00A0C91BC942}") = "pr-04.1", "pr-04.1\pr-04.1.vcxproj", "{55AACC1A-EF0B-4820-AABF-C88869E355AE}"
EndProject
Global
	GlobalSection(SolutionConfigurationPlatforms) = preSolution
		Debug|x64 = Debug|x64
		Debug|x86 = Debug|x86
		Release|x64 = Release|x64
		Release|x86 = Release|x86
	EndGlobalSection
	GlobalSection(ProjectConfigurationPlatforms) = postSolution
		{55AACC1A-EF0B-4820-AABF-C88869E355AE}.Debug|x64.ActiveCfg = Debug|x64
		{55AACC1A-EF0B-4820-AABF-C88869E355AE}.Debug|x64.Build.0 = Debug|x64
		{55AACC1A-EF0B-4820-AABF-C88869E355AE}.Debug|x86.ActiveCfg = Debug|Win32
		{55AACC1A-EF0B-4820-AABF-C88869E355AE}.Debug|x86.Build.0 = Debug|Win32
		{55AACC1A-EF0B-4820-AABF-C88869E355AE}.Release|x64.ActiveCfg = Release|x64
		{55AACC1A-EF0B-4820-AABF-C88869E355AE}.Release|x64.Build.0 = Release|x64
		{55AACC1A-EF0B-4820-AABF-C88869E355AE}.Release|x86.ActiveCfg = Release|Win32
		{55AACC1A-EF0B-4820-AABF-C88869E355AE}.Release|x86.Build.0 = Release|Win32
	EndGlobalSection
	GlobalSection(SolutionProperties) = preSolution
		HideSolutionNode = FALSE
	EndGlobalSection
	GlobalSection(ExtensibilityGlobals) = postSolution
		SolutionGuid = {5C8D91AA-26C4-46CA-8745-2DC5DB173E8F}
	EndGlobalSection
EndGlobal
